
Microsoft Visual Studio Solution File, Format Version 12.00
# Visual Studio Version 16
VisualStudioVersion = 16.0.30621.155
MinimumVisualStudioVersion = 10.0.40219.1
Project("{FAE04EC0-301F-11D3-BF4B-00C04F79EFBC}") = "CoreServices", "CoreServices\CoreServices.csproj", "{C466B9F8-F24F-4F38-AF0D-DB4D463F90FC}"
EndProject
Project("{FAE04EC0-301F-11D3-BF4B-00C04F79EFBC}") = "DB_Activities", "DB_Activities\DB_Activities.csproj", "{B74B7653-1928-4091-840F-732DB3833C02}"
EndProject
Project("{FAE04EC0-301F-11D3-BF4B-00C04F79EFBC}") = "Core_WebApp", "Core_WebApp\Core_WebApp.csproj", "{5AA4F1D0-62FF-4CCB-9931-E7102CD85BC4}"
EndProject
Global
	GlobalSection(SolutionConfigurationPlatforms) = preSolution
		Debug|Any CPU = Debug|Any CPU
		Release|Any CPU = Release|Any CPU
	EndGlobalSection
	GlobalSection(ProjectConfigurationPlatforms) = postSolution
		{C466B9F8-F24F-4F38-AF0D-DB4D463F90FC}.Debug|Any CPU.ActiveCfg = Debug|Any CPU
		{C466B9F8-F24F-4F38-AF0D-DB4D463F90FC}.Debug|Any CPU.Build.0 = Debug|Any CPU
		{C466B9F8-F24F-4F38-AF0D-DB4D463F90FC}.Release|Any CPU.ActiveCfg = Release|Any CPU
		{C466B9F8-F24F-4F38-AF0D-DB4D463F90FC}.Release|Any CPU.Build.0 = Release|Any CPU
		{B74B7653-1928-4091-840F-732DB3833C02}.Debug|Any CPU.ActiveCfg = Debug|Any CPU
		{B74B7653-1928-4091-840F-732DB3833C02}.Debug|Any CPU.Build.0 = Debug|Any CPU
		{B74B7653-1928-4091-840F-732DB3833C02}.Release|Any CPU.ActiveCfg = Release|Any CPU
		{B74B7653-1928-4091-840F-732DB3833C02}.Release|Any CPU.Build.0 = Release|Any CPU
		{5AA4F1D0-62FF-4CCB-9931-E7102CD85BC4}.Debug|Any CPU.ActiveCfg = Debug|Any CPU
		{5AA4F1D0-62FF-4CCB-9931-E7102CD85BC4}.Debug|Any CPU.Build.0 = Debug|Any CPU
		{5AA4F1D0-62FF-4CCB-9931-E7102CD85BC4}.Release|Any CPU.ActiveCfg = Release|Any CPU
		{5AA4F1D0-62FF-4CCB-9931-E7102CD85BC4}.Release|Any CPU.Build.0 = Release|Any CPU
	EndGlobalSection
	GlobalSection(SolutionProperties) = preSolution
		HideSolutionNode = FALSE
	EndGlobalSection
	GlobalSection(ExtensibilityGlobals) = postSolution
		SolutionGuid = {F445075A-0B2F-4D6C-A09A-93FA2C9197D2}
	EndGlobalSection
EndGlobal
